<?xml version="1.0" encoding="utf-8"?>
<Project ToolsVersion="17.0" xmlns="http://schemas.microsoft.com/developer/msbuild/2003">
  <ItemGroup>
    <CustomBuild Include="D:\git3\MagicLeap\LLM\dd\llama.cpp\build\CMakeFiles\4ae533d1cb31637cc68be331557b97dc\Continuous.rule">
      <Filter>CMake Rules</Filter>
    </CustomBuild>
    <CustomBuild Include="D:\git3\MagicLeap\LLM\dd\llama.cpp\CMakeLists.txt" />
  </ItemGroup>
  <ItemGroup>
    <None Include="D:\git3\MagicLeap\LLM\dd\llama.cpp\build\CMakeFiles\Continuous" />
  </ItemGroup>
  <ItemGroup>
    <Filter Include="CMake Rules">
      <UniqueIdentifier>{CAC926C7-10EF-35E2-AC4B-DCCD815E1374}</UniqueIdentifier>
    </Filter>
  </ItemGroup>
</Project>
