<?xml version="1.0" encoding="utf-8"?>
<Project ToolsVersion="17.0" xmlns="http://schemas.microsoft.com/developer/msbuild/2003">
  <ItemGroup>
    <ClCompile Include="D:\git3\MagicLeap\LLM\dd\llama.cpp\examples\server\server.cpp">
      <Filter>Source Files</Filter>
    </ClCompile>
  </ItemGroup>
  <ItemGroup>
    <ClInclude Include="D:\git3\MagicLeap\LLM\dd\llama.cpp\examples\server\utils.hpp">
      <Filter>Header Files</Filter>
    </ClInclude>
    <ClInclude Include="D:\git3\MagicLeap\LLM\dd\llama.cpp\examples\server\httplib.h">
      <Filter>Header Files</Filter>
    </ClInclude>
    <ClInclude Include="D:\git3\MagicLeap\LLM\dd\llama.cpp\build\examples\server\colorthemes.css.hpp">
      <Filter>Header Files</Filter>
    </ClInclude>
    <ClInclude Include="D:\git3\MagicLeap\LLM\dd\llama.cpp\build\examples\server\style.css.hpp">
      <Filter>Header Files</Filter>
    </ClInclude>
    <ClInclude Include="D:\git3\MagicLeap\LLM\dd\llama.cpp\build\examples\server\theme-beeninorder.css.hpp">
      <Filter>Header Files</Filter>
    </ClInclude>
    <ClInclude Include="D:\git3\MagicLeap\LLM\dd\llama.cpp\build\examples\server\theme-ketivah.css.hpp">
      <Filter>Header Files</Filter>
    </ClInclude>
    <ClInclude Include="D:\git3\MagicLeap\LLM\dd\llama.cpp\build\examples\server\theme-mangotango.css.hpp">
      <Filter>Header Files</Filter>
    </ClInclude>
    <ClInclude Include="D:\git3\MagicLeap\LLM\dd\llama.cpp\build\examples\server\theme-playground.css.hpp">
      <Filter>Header Files</Filter>
    </ClInclude>
    <ClInclude Include="D:\git3\MagicLeap\LLM\dd\llama.cpp\build\examples\server\theme-polarnight.css.hpp">
      <Filter>Header Files</Filter>
    </ClInclude>
    <ClInclude Include="D:\git3\MagicLeap\LLM\dd\llama.cpp\build\examples\server\theme-snowstorm.css.hpp">
      <Filter>Header Files</Filter>
    </ClInclude>
    <ClInclude Include="D:\git3\MagicLeap\LLM\dd\llama.cpp\build\examples\server\index.html.hpp">
      <Filter>Header Files</Filter>
    </ClInclude>
    <ClInclude Include="D:\git3\MagicLeap\LLM\dd\llama.cpp\build\examples\server\index-new.html.hpp">
      <Filter>Header Files</Filter>
    </ClInclude>
    <ClInclude Include="D:\git3\MagicLeap\LLM\dd\llama.cpp\build\examples\server\index.js.hpp">
      <Filter>Header Files</Filter>
    </ClInclude>
    <ClInclude Include="D:\git3\MagicLeap\LLM\dd\llama.cpp\build\examples\server\completion.js.hpp">
      <Filter>Header Files</Filter>
    </ClInclude>
    <ClInclude Include="D:\git3\MagicLeap\LLM\dd\llama.cpp\build\examples\server\system-prompts.js.hpp">
      <Filter>Header Files</Filter>
    </ClInclude>
    <ClInclude Include="D:\git3\MagicLeap\LLM\dd\llama.cpp\build\examples\server\prompt-formats.js.hpp">
      <Filter>Header Files</Filter>
    </ClInclude>
    <ClInclude Include="D:\git3\MagicLeap\LLM\dd\llama.cpp\build\examples\server\json-schema-to-grammar.mjs.hpp">
      <Filter>Header Files</Filter>
    </ClInclude>
  </ItemGroup>
  <ItemGroup>
    <CustomBuild Include="D:\git3\MagicLeap\LLM\dd\llama.cpp\build\CMakeFiles\75034a1665565c907c54cf06c1b756a2\colorthemes.css.hpp.rule">
      <Filter>CMake Rules</Filter>
    </CustomBuild>
    <CustomBuild Include="D:\git3\MagicLeap\LLM\dd\llama.cpp\build\CMakeFiles\75034a1665565c907c54cf06c1b756a2\style.css.hpp.rule">
      <Filter>CMake Rules</Filter>
    </CustomBuild>
    <CustomBuild Include="D:\git3\MagicLeap\LLM\dd\llama.cpp\build\CMakeFiles\75034a1665565c907c54cf06c1b756a2\theme-beeninorder.css.hpp.rule">
      <Filter>CMake Rules</Filter>
    </CustomBuild>
    <CustomBuild Include="D:\git3\MagicLeap\LLM\dd\llama.cpp\build\CMakeFiles\75034a1665565c907c54cf06c1b756a2\theme-ketivah.css.hpp.rule">
      <Filter>CMake Rules</Filter>
    </CustomBuild>
    <CustomBuild Include="D:\git3\MagicLeap\LLM\dd\llama.cpp\build\CMakeFiles\75034a1665565c907c54cf06c1b756a2\theme-mangotango.css.hpp.rule">
      <Filter>CMake Rules</Filter>
    </CustomBuild>
    <CustomBuild Include="D:\git3\MagicLeap\LLM\dd\llama.cpp\build\CMakeFiles\75034a1665565c907c54cf06c1b756a2\theme-playground.css.hpp.rule">
      <Filter>CMake Rules</Filter>
    </CustomBuild>
    <CustomBuild Include="D:\git3\MagicLeap\LLM\dd\llama.cpp\build\CMakeFiles\75034a1665565c907c54cf06c1b756a2\theme-polarnight.css.hpp.rule">
      <Filter>CMake Rules</Filter>
    </CustomBuild>
    <CustomBuild Include="D:\git3\MagicLeap\LLM\dd\llama.cpp\build\CMakeFiles\75034a1665565c907c54cf06c1b756a2\theme-snowstorm.css.hpp.rule">
      <Filter>CMake Rules</Filter>
    </CustomBuild>
    <CustomBuild Include="D:\git3\MagicLeap\LLM\dd\llama.cpp\build\CMakeFiles\75034a1665565c907c54cf06c1b756a2\index.html.hpp.rule">
      <Filter>CMake Rules</Filter>
    </CustomBuild>
    <CustomBuild Include="D:\git3\MagicLeap\LLM\dd\llama.cpp\build\CMakeFiles\75034a1665565c907c54cf06c1b756a2\index-new.html.hpp.rule">
      <Filter>CMake Rules</Filter>
    </CustomBuild>
    <CustomBuild Include="D:\git3\MagicLeap\LLM\dd\llama.cpp\build\CMakeFiles\75034a1665565c907c54cf06c1b756a2\index.js.hpp.rule">
      <Filter>CMake Rules</Filter>
    </CustomBuild>
    <CustomBuild Include="D:\git3\MagicLeap\LLM\dd\llama.cpp\build\CMakeFiles\75034a1665565c907c54cf06c1b756a2\completion.js.hpp.rule">
      <Filter>CMake Rules</Filter>
    </CustomBuild>
    <CustomBuild Include="D:\git3\MagicLeap\LLM\dd\llama.cpp\build\CMakeFiles\75034a1665565c907c54cf06c1b756a2\system-prompts.js.hpp.rule">
      <Filter>CMake Rules</Filter>
    </CustomBuild>
    <CustomBuild Include="D:\git3\MagicLeap\LLM\dd\llama.cpp\build\CMakeFiles\75034a1665565c907c54cf06c1b756a2\prompt-formats.js.hpp.rule">
      <Filter>CMake Rules</Filter>
    </CustomBuild>
    <CustomBuild Include="D:\git3\MagicLeap\LLM\dd\llama.cpp\build\CMakeFiles\75034a1665565c907c54cf06c1b756a2\json-schema-to-grammar.mjs.hpp.rule">
      <Filter>CMake Rules</Filter>
    </CustomBuild>
    <CustomBuild Include="D:\git3\MagicLeap\LLM\dd\llama.cpp\examples\server\CMakeLists.txt" />
  </ItemGroup>
  <ItemGroup>
    <Filter Include="CMake Rules">
      <UniqueIdentifier>{CAC926C7-10EF-35E2-AC4B-DCCD815E1374}</UniqueIdentifier>
    </Filter>
    <Filter Include="Header Files">
      <UniqueIdentifier>{5470C53B-BB85-37B9-99B7-B790D40A31DC}</UniqueIdentifier>
    </Filter>
    <Filter Include="Source Files">
      <UniqueIdentifier>{83134E2F-E261-3310-8533-329426F2ABBD}</UniqueIdentifier>
    </Filter>
  </ItemGroup>
</Project>
