
Microsoft Visual Studio Solution File, Format Version 12.00
# Visual Studio Version 17
Project("{8BC9CEB8-8B4A-11D0-8D11-00A0C91BC942}") = "ALL_BUILD", "ALL_BUILD.vcxproj", "{C3C1435A-66AF-3A72-A0A1-B52919262FED}"
	ProjectSection(ProjectDependencies) = postProject
		{40E6D849-97E9-370D-AE47-84E67A99DA1C} = {40E6D849-97E9-370D-AE47-84E67A99DA1C}
		{C1838238-7DA1-3D87-863E-1119F5BB0CF9} = {C1838238-7DA1-3D87-863E-1119F5BB0CF9}
	EndProjectSection
EndProject
Project("{8BC9CEB8-8B4A-11D0-8D11-00A0C91BC942}") = "INSTALL", "INSTALL.vcxproj", "{1B525624-B6DB-3A08-834B-ED5F70DE8C3C}"
	ProjectSection(ProjectDependencies) = postProject
		{C3C1435A-66AF-3A72-A0A1-B52919262FED} = {C3C1435A-66AF-3A72-A0A1-B52919262FED}
		{40E6D849-97E9-370D-AE47-84E67A99DA1C} = {40E6D849-97E9-370D-AE47-84E67A99DA1C}
	EndProjectSection
EndProject
Project("{8BC9CEB8-8B4A-11D0-8D11-00A0C91BC942}") = "RUN_TESTS", "RUN_TESTS.vcxproj", "{C40F5AE1-617F-3F38-AF50-7B1D43E228D0}"
	ProjectSection(ProjectDependencies) = postProject
		{40E6D849-97E9-370D-AE47-84E67A99DA1C} = {40E6D849-97E9-370D-AE47-84E67A99DA1C}
	EndProjectSection
EndProject
Project("{8BC9CEB8-8B4A-11D0-8D11-00A0C91BC942}") = "ZERO_CHECK", "..\\ZERO_CHECK.vcxproj", "{40E6D849-97E9-370D-AE47-84E67A99DA1C}"
	ProjectSection(ProjectDependencies) = postProject
	EndProjectSection
EndProject
Project("{8BC9CEB8-8B4A-11D0-8D11-00A0C91BC942}") = "ggml", "src\ggml.vcxproj", "{C1838238-7DA1-3D87-863E-1119F5BB0CF9}"
	ProjectSection(ProjectDependencies) = postProject
		{40E6D849-97E9-370D-AE47-84E67A99DA1C} = {40E6D849-97E9-370D-AE47-84E67A99DA1C}
	EndProjectSection
EndProject
Global
	GlobalSection(SolutionConfigurationPlatforms) = preSolution
		Debug|x64 = Debug|x64
		Release|x64 = Release|x64
		MinSizeRel|x64 = MinSizeRel|x64
		RelWithDebInfo|x64 = RelWithDebInfo|x64
	EndGlobalSection
	GlobalSection(ProjectConfigurationPlatforms) = postSolution
		{C3C1435A-66AF-3A72-A0A1-B52919262FED}.Debug|x64.ActiveCfg = Debug|x64
		{C3C1435A-66AF-3A72-A0A1-B52919262FED}.Debug|x64.Build.0 = Debug|x64
		{C3C1435A-66AF-3A72-A0A1-B52919262FED}.Release|x64.ActiveCfg = Release|x64
		{C3C1435A-66AF-3A72-A0A1-B52919262FED}.Release|x64.Build.0 = Release|x64
		{C3C1435A-66AF-3A72-A0A1-B52919262FED}.MinSizeRel|x64.ActiveCfg = MinSizeRel|x64
		{C3C1435A-66AF-3A72-A0A1-B52919262FED}.MinSizeRel|x64.Build.0 = MinSizeRel|x64
		{C3C1435A-66AF-3A72-A0A1-B52919262FED}.RelWithDebInfo|x64.ActiveCfg = RelWithDebInfo|x64
		{C3C1435A-66AF-3A72-A0A1-B52919262FED}.RelWithDebInfo|x64.Build.0 = RelWithDebInfo|x64
		{1B525624-B6DB-3A08-834B-ED5F70DE8C3C}.Debug|x64.ActiveCfg = Debug|x64
		{1B525624-B6DB-3A08-834B-ED5F70DE8C3C}.Release|x64.ActiveCfg = Release|x64
		{1B525624-B6DB-3A08-834B-ED5F70DE8C3C}.MinSizeRel|x64.ActiveCfg = MinSizeRel|x64
		{1B525624-B6DB-3A08-834B-ED5F70DE8C3C}.RelWithDebInfo|x64.ActiveCfg = RelWithDebInfo|x64
		{C40F5AE1-617F-3F38-AF50-7B1D43E228D0}.Debug|x64.ActiveCfg = Debug|x64
		{C40F5AE1-617F-3F38-AF50-7B1D43E228D0}.Release|x64.ActiveCfg = Release|x64
		{C40F5AE1-617F-3F38-AF50-7B1D43E228D0}.MinSizeRel|x64.ActiveCfg = MinSizeRel|x64
		{C40F5AE1-617F-3F38-AF50-7B1D43E228D0}.RelWithDebInfo|x64.ActiveCfg = RelWithDebInfo|x64
		{40E6D849-97E9-370D-AE47-84E67A99DA1C}.Debug|x64.ActiveCfg = Debug|x64
		{40E6D849-97E9-370D-AE47-84E67A99DA1C}.Debug|x64.Build.0 = Debug|x64
		{40E6D849-97E9-370D-AE47-84E67A99DA1C}.Release|x64.ActiveCfg = Release|x64
		{40E6D849-97E9-370D-AE47-84E67A99DA1C}.Release|x64.Build.0 = Release|x64
		{40E6D849-97E9-370D-AE47-84E67A99DA1C}.MinSizeRel|x64.ActiveCfg = MinSizeRel|x64
		{40E6D849-97E9-370D-AE47-84E67A99DA1C}.MinSizeRel|x64.Build.0 = MinSizeRel|x64
		{40E6D849-97E9-370D-AE47-84E67A99DA1C}.RelWithDebInfo|x64.ActiveCfg = RelWithDebInfo|x64
		{40E6D849-97E9-370D-AE47-84E67A99DA1C}.RelWithDebInfo|x64.Build.0 = RelWithDebInfo|x64
		{C1838238-7DA1-3D87-863E-1119F5BB0CF9}.Debug|x64.ActiveCfg = Debug|x64
		{C1838238-7DA1-3D87-863E-1119F5BB0CF9}.Debug|x64.Build.0 = Debug|x64
		{C1838238-7DA1-3D87-863E-1119F5BB0CF9}.Release|x64.ActiveCfg = Release|x64
		{C1838238-7DA1-3D87-863E-1119F5BB0CF9}.Release|x64.Build.0 = Release|x64
		{C1838238-7DA1-3D87-863E-1119F5BB0CF9}.MinSizeRel|x64.ActiveCfg = MinSizeRel|x64
		{C1838238-7DA1-3D87-863E-1119F5BB0CF9}.MinSizeRel|x64.Build.0 = MinSizeRel|x64
		{C1838238-7DA1-3D87-863E-1119F5BB0CF9}.RelWithDebInfo|x64.ActiveCfg = RelWithDebInfo|x64
		{C1838238-7DA1-3D87-863E-1119F5BB0CF9}.RelWithDebInfo|x64.Build.0 = RelWithDebInfo|x64
	EndGlobalSection
	GlobalSection(ExtensibilityGlobals) = postSolution
		SolutionGuid = {7D2F1293-6C1C-33D1-92CB-6766C49D0C95}
	EndGlobalSection
	GlobalSection(ExtensibilityAddIns) = postSolution
	EndGlobalSection
EndGlobal
